// !$*UTF8*$!
{
	archiveVersion = 1;
	classes = {
	};
	objectVersion = 50;
	objects = {

/* Begin PBXBuildFile section */
		04EBD2B12420D68B00383CEE /* YourAccountViewController.swift in Sources */ = {isa = PBXBuildFile; fileRef = 04EBD2B02420D68B00383CEE /* YourAccountViewController.swift */; };
		6616E621241E802A000A6639 /* CustomTableViewCell.swift in Sources */ = {isa = PBXBuildFile; fileRef = 6616E61F241E802A000A6639 /* CustomTableViewCell.swift */; };
		6616E622241E802A000A6639 /* CustomTableViewCell.xib in Resources */ = {isa = PBXBuildFile; fileRef = 6616E620241E802A000A6639 /* CustomTableViewCell.xib */; };
		6616E624241E86D6000A6639 /* HomeViewController.swift in Sources */ = {isa = PBXBuildFile; fileRef = 6616E623241E86D6000A6639 /* HomeViewController.swift */; };
		6616E629241E9284000A6639 /* NewMessageViewController.swift in Sources */ = {isa = PBXBuildFile; fileRef = 6616E628241E9284000A6639 /* NewMessageViewController.swift */; };
		661EFA95241D17C300F9EFD8 /* AppDelegate.swift in Sources */ = {isa = PBXBuildFile; fileRef = 661EFA94241D17C300F9EFD8 /* AppDelegate.swift */; };
		661EFA97241D17C300F9EFD8 /* SceneDelegate.swift in Sources */ = {isa = PBXBuildFile; fileRef = 661EFA96241D17C300F9EFD8 /* SceneDelegate.swift */; };
		661EFA9C241D17C300F9EFD8 /* Main.storyboard in Resources */ = {isa = PBXBuildFile; fileRef = 661EFA9A241D17C300F9EFD8 /* Main.storyboard */; };
		661EFA9E241D17C400F9EFD8 /* Assets.xcassets in Resources */ = {isa = PBXBuildFile; fileRef = 661EFA9D241D17C400F9EFD8 /* Assets.xcassets */; };
		661EFAA1241D17C400F9EFD8 /* LaunchScreen.storyboard in Resources */ = {isa = PBXBuildFile; fileRef = 661EFA9F241D17C400F9EFD8 /* LaunchScreen.storyboard */; };
/* End PBXBuildFile section */

/* Begin PBXFileReference section */
		04EBD2B02420D68B00383CEE /* YourAccountViewController.swift */ = {isa = PBXFileReference; lastKnownFileType = sourcecode.swift; path = YourAccountViewController.swift; sourceTree = "<group>"; };
		6616E61F241E802A000A6639 /* CustomTableViewCell.swift */ = {isa = PBXFileReference; lastKnownFileType = sourcecode.swift; path = CustomTableViewCell.swift; sourceTree = "<group>"; };
		6616E620241E802A000A6639 /* CustomTableViewCell.xib */ = {isa = PBXFileReference; lastKnownFileType = file.xib; path = CustomTableViewCell.xib; sourceTree = "<group>"; };
		6616E623241E86D6000A6639 /* HomeViewController.swift */ = {isa = PBXFileReference; lastKnownFileType = sourcecode.swift; path = HomeViewController.swift; sourceTree = "<group>"; };
		6616E628241E9284000A6639 /* NewMessageViewController.swift */ = {isa = PBXFileReference; lastKnownFileType = sourcecode.swift; path = NewMessageViewController.swift; sourceTree = "<group>"; };
		661EFA91241D17C300F9EFD8 /* SAY.app */ = {isa = PBXFileReference; explicitFileType = wrapper.application; includeInIndex = 0; path = SAY.app; sourceTree = BUILT_PRODUCTS_DIR; };
		661EFA94241D17C300F9EFD8 /* AppDelegate.swift */ = {isa = PBXFileReference; lastKnownFileType = sourcecode.swift; path = AppDelegate.swift; sourceTree = "<group>"; };
		661EFA96241D17C300F9EFD8 /* SceneDelegate.swift */ = {isa = PBXFileReference; lastKnownFileType = sourcecode.swift; path = SceneDelegate.swift; sourceTree = "<group>"; };
		661EFA9B241D17C300F9EFD8 /* Base */ = {isa = PBXFileReference; lastKnownFileType = file.storyboard; name = Base; path = Base.lproj/Main.storyboard; sourceTree = "<group>"; };
		661EFA9D241D17C400F9EFD8 /* Assets.xcassets */ = {isa = PBXFileReference; lastKnownFileType = folder.assetcatalog; path = Assets.xcassets; sourceTree = "<group>"; };
		661EFAA0241D17C400F9EFD8 /* Base */ = {isa = PBXFileReference; lastKnownFileType = file.storyboard; name = Base; path = Base.lproj/LaunchScreen.storyboard; sourceTree = "<group>"; };
		661EFAA2241D17C400F9EFD8 /* Info.plist */ = {isa = PBXFileReference; lastKnownFileType = text.plist.xml; path = Info.plist; sourceTree = "<group>"; };
/* End PBXFileReference section */

/* Begin PBXFrameworksBuildPhase section */
		661EFA8E241D17C300F9EFD8 /* Frameworks */ = {
			isa = PBXFrameworksBuildPhase;
			buildActionMask = 2147483647;
			files = (
			);
			runOnlyForDeploymentPostprocessing = 0;
		};
/* End PBXFrameworksBuildPhase section */

/* Begin PBXGroup section */
		6616E625241E8A32000A6639 /* icons */ = {
			isa = PBXGroup;
			children = (
			);
			path = icons;
			sourceTree = "<group>";
		};
		661EFA88241D17C300F9EFD8 = {
			isa = PBXGroup;
			children = (
				661EFA93241D17C300F9EFD8 /* SAY */,
				661EFA92241D17C300F9EFD8 /* Products */,
			);
			sourceTree = "<group>";
		};
		661EFA92241D17C300F9EFD8 /* Products */ = {
			isa = PBXGroup;
			children = (
				661EFA91241D17C300F9EFD8 /* SAY.app */,
			);
			name = Products;
			sourceTree = "<group>";
		};
		661EFA93241D17C300F9EFD8 /* SAY */ = {
			isa = PBXGroup;
			children = (
				6616E625241E8A32000A6639 /* icons */,
				661EFA94241D17C300F9EFD8 /* AppDelegate.swift */,
				661EFA96241D17C300F9EFD8 /* SceneDelegate.swift */,
				661EFA9A241D17C300F9EFD8 /* Main.storyboard */,
				04EBD2B02420D68B00383CEE /* YourAccountViewController.swift */,
				661EFA9D241D17C400F9EFD8 /* Assets.xcassets */,
				661EFA9F241D17C400F9EFD8 /* LaunchScreen.storyboard */,
				661EFAA2241D17C400F9EFD8 /* Info.plist */,
				6616E61F241E802A000A6639 /* CustomTableViewCell.swift */,
				6616E620241E802A000A6639 /* CustomTableViewCell.xib */,
				6616E623241E86D6000A6639 /* HomeViewController.swift */,
				6616E628241E9284000A6639 /* NewMessageViewController.swift */,
			);
			path = SAY;
			sourceTree = "<group>";
		};
/* End PBXGroup section */

/* Begin PBXNativeTarget section */
		661EFA90241D17C300F9EFD8 /* SAY */ = {
			isa = PBXNativeTarget;
			buildConfigurationList = 661EFAA5241D17C400F9EFD8 /* Build configuration list for PBXNativeTarget "SAY" */;
			buildPhases = (
				661EFA8D241D17C300F9EFD8 /* Sources */,
				661EFA8E241D17C300F9EFD8 /* Frameworks */,
				661EFA8F241D17C300F9EFD8 /* Resources */,
			);
			buildRules = (
			);
			dependencies = (
			);
			name = SAY;
			productName = SAY;
			productReference = 661EFA91241D17C300F9EFD8 /* SAY.app */;
			productType = "com.apple.product-type.application";
		};
/* End PBXNativeTarget section */

/* Begin PBXProject section */
		661EFA89241D17C300F9EFD8 /* Project object */ = {
			isa = PBXProject;
			attributes = {
				LastSwiftUpdateCheck = 1110;
				LastUpgradeCheck = 1110;
				ORGANIZATIONNAME = "Антон Степанок";
				TargetAttributes = {
					661EFA90241D17C300F9EFD8 = {
						CreatedOnToolsVersion = 11.1;
					};
				};
			};
			buildConfigurationList = 661EFA8C241D17C300F9EFD8 /* Build configuration list for PBXProject "SAY" */;
			compatibilityVersion = "Xcode 9.3";
			developmentRegion = en;
			hasScannedForEncodings = 0;
			knownRegions = (
				en,
				Base,
			);
			mainGroup = 661EFA88241D17C300F9EFD8;
			productRefGroup = 661EFA92241D17C300F9EFD8 /* Products */;
			projectDirPath = "";
			projectRoot = "";
			targets = (
				661EFA90241D17C300F9EFD8 /* SAY */,
			);
		};
/* End PBXProject section */

/* Begin PBXResourcesBuildPhase section */
		661EFA8F241D17C300F9EFD8 /* Resources */ = {
			isa = PBXResourcesBuildPhase;
			buildActionMask = 2147483647;
			files = (
				661EFAA1241D17C400F9EFD8 /* LaunchScreen.storyboard in Resources */,
				661EFA9E241D17C400F9EFD8 /* Assets.xcassets in Resources */,
				6616E622241E802A000A6639 /* CustomTableViewCell.xib in Resources */,
				661EFA9C241D17C300F9EFD8 /* Main.storyboard in Resources */,
			);
			runOnlyForDeploymentPostprocessing = 0;
		};
/* End PBXResourcesBuildPhase section */

/* Begin PBXSourcesBuildPhase section */
		661EFA8D241D17C300F9EFD8 /* Sources */ = {
			isa = PBXSourcesBuildPhase;
			buildActionMask = 2147483647;
			files = (
				6616E624241E86D6000A6639 /* HomeViewController.swift in Sources */,
				04EBD2B12420D68B00383CEE /* YourAccountViewController.swift in Sources */,
				661EFA95241D17C300F9EFD8 /* AppDelegate.swift in Sources */,
				6616E629241E9284000A6639 /* NewMessageViewController.swift in Sources */,
				6616E621241E802A000A6639 /* CustomTableViewCell.swift in Sources */,
				661EFA97241D17C300F9EFD8 /* SceneDelegate.swift in Sources */,
			);
			runOnlyForDeploymentPostprocessing = 0;
		};
/* End PBXSourcesBuildPhase section */

/* Begin PBXVariantGroup section */
		661EFA9A241D17C300F9EFD8 /* Main.storyboard */ = {
			isa = PBXVariantGroup;
			children = (
				661EFA9B241D17C300F9EFD8 /* Base */,
			);
			name = Main.storyboard;
			sourceTree = "<group>";
		};
		661EFA9F241D17C400F9EFD8 /* LaunchScreen.storyboard */ = {
			isa = PBXVariantGroup;
			children = (
				661EFAA0241D17C400F9EFD8 /* Base */,
			);
			name = LaunchScreen.storyboard;
			sourceTree = "<group>";
		};
/* End PBXVariantGroup section */

/* Begin XCBuildConfiguration section */
		661EFAA3241D17C400F9EFD8 /* Debug */ = {
			isa = XCBuildConfiguration;
			buildSettings = {
				ALWAYS_SEARCH_USER_PATHS = NO;
				CLANG_ANALYZER_NONNULL = YES;
				CLANG_ANALYZER_NUMBER_OBJECT_CONVERSION = YES_AGGRESSIVE;
				CLANG_CXX_LANGUAGE_STANDARD = "gnu++14";
				CLANG_CXX_LIBRARY = "libc++";
				CLANG_ENABLE_MODULES = YES;
				CLANG_ENABLE_OBJC_ARC = YES;
				CLANG_ENABLE_OBJC_WEAK = YES;
				CLANG_WARN_BLOCK_CAPTURE_AUTORELEASING = YES;
				CLANG_WARN_BOOL_CONVERSION = YES;
				CLANG_WARN_COMMA = YES;
				CLANG_WARN_CONSTANT_CONVERSION = YES;
				CLANG_WARN_DEPRECATED_OBJC_IMPLEMENTATIONS = YES;
				CLANG_WARN_DIRECT_OBJC_ISA_USAGE = YES_ERROR;
				CLANG_WARN_DOCUMENTATION_COMMENTS = YES;
				CLANG_WARN_EMPTY_BODY = YES;
				CLANG_WARN_ENUM_CONVERSION = YES;
				CLANG_WARN_INFINITE_RECURSION = YES;
				CLANG_WARN_INT_CONVERSION = YES;
				CLANG_WARN_NON_LITERAL_NULL_CONVERSION = YES;
				CLANG_WARN_OBJC_IMPLICIT_RETAIN_SELF = YES;
				CLANG_WARN_OBJC_LITERAL_CONVERSION = YES;
				CLANG_WARN_OBJC_ROOT_CLASS = YES_ERROR;
				CLANG_WARN_RANGE_LOOP_ANALYSIS = YES;
				CLANG_WARN_STRICT_PROTOTYPES = YES;
				CLANG_WARN_SUSPICIOUS_MOVE = YES;
				CLANG_WARN_UNGUARDED_AVAILABILITY = YES_AGGRESSIVE;
				CLANG_WARN_UNREACHABLE_CODE = YES;
				CLANG_WARN__DUPLICATE_METHOD_MATCH = YES;
				COPY_PHASE_STRIP = NO;
				DEBUG_INFORMATION_FORMAT = dwarf;
				ENABLE_STRICT_OBJC_MSGSEND = YES;
				ENABLE_TESTABILITY = YES;
				GCC_C_LANGUAGE_STANDARD = gnu11;
				GCC_DYNAMIC_NO_PIC = NO;
				GCC_NO_COMMON_BLOCKS = YES;
				GCC_OPTIMIZATION_LEVEL = 0;
				GCC_PREPROCESSOR_DEFINITIONS = (
					"DEBUG=1",
					"$(inherited)",
				);
				GCC_WARN_64_TO_32_BIT_CONVERSION = YES;
				GCC_WARN_ABOUT_RETURN_TYPE = YES_ERROR;
				GCC_WARN_UNDECLARED_SELECTOR = YES;
				GCC_WARN_UNINITIALIZED_AUTOS = YES_AGGRESSIVE;
				GCC_WARN_UNUSED_FUNCTION = YES;
				GCC_WARN_UNUSED_VARIABLE = YES;
				IPHONEOS_DEPLOYMENT_TARGET = 13.1;
				MTL_ENABLE_DEBUG_INFO = INCLUDE_SOURCE;
				MTL_FAST_MATH = YES;
				ONLY_ACTIVE_ARCH = YES;
				SDKROOT = iphoneos;
				SWIFT_ACTIVE_COMPILATION_CONDITIONS = DEBUG;
				SWIFT_OPTIMIZATION_LEVEL = "-Onone";
			};
			name = Debug;
		};
		661EFAA4241D17C400F9EFD8 /* Release */ = {
			isa = XCBuildConfiguration;
			buildSettings = {
				ALWAYS_SEARCH_USER_PATHS = NO;
				CLANG_ANALYZER_NONNULL = YES;
				CLANG_ANALYZER_NUMBER_OBJECT_CONVERSION = YES_AGGRESSIVE;
				CLANG_CXX_LANGUAGE_STANDARD = "gnu++14";
				CLANG_CXX_LIBRARY = "libc++";
				CLANG_ENABLE_MODULES = YES;
				CLANG_ENABLE_OBJC_ARC = YES;
				CLANG_ENABLE_OBJC_WEAK = YES;
				CLANG_WARN_BLOCK_CAPTURE_AUTORELEASING = YES;
				CLANG_WARN_BOOL_CONVERSION = YES;
				CLANG_WARN_COMMA = YES;
				CLANG_WARN_CONSTANT_CONVERSION = YES;
				CLANG_WARN_DEPRECATED_OBJC_IMPLEMENTATIONS = YES;
				CLANG_WARN_DIRECT_OBJC_ISA_USAGE = YES_ERROR;
				CLANG_WARN_DOCUMENTATION_COMMENTS = YES;
				CLANG_WARN_EMPTY_BODY = YES;
				CLANG_WARN_ENUM_CONVERSION = YES;
				CLANG_WARN_INFINITE_RECURSION = YES;
				CLANG_WARN_INT_CONVERSION = YES;
				CLANG_WARN_NON_LITERAL_NULL_CONVERSION = YES;
				CLANG_WARN_OBJC_IMPLICIT_RETAIN_SELF = YES;
				CLANG_WARN_OBJC_LITERAL_CONVERSION = YES;
				CLANG_WARN_OBJC_ROOT_CLASS = YES_ERROR;
				CLANG_WARN_RANGE_LOOP_ANALYSIS = YES;
				CLANG_WARN_STRICT_PROTOTYPES = YES;
				CLANG_WARN_SUSPICIOUS_MOVE = YES;
				CLANG_WARN_UNGUARDED_AVAILABILITY = YES_AGGRESSIVE;
				CLANG_WARN_UNREACHABLE_CODE = YES;
				CLANG_WARN__DUPLICATE_METHOD_MATCH = YES;
				COPY_PHASE_STRIP = NO;
				DEBUG_INFORMATION_FORMAT = "dwarf-with-dsym";
				ENABLE_NS_ASSERTIONS = NO;
				ENABLE_STRICT_OBJC_MSGSEND = YES;
				GCC_C_LANGUAGE_STANDARD = gnu11;
				GCC_NO_COMMON_BLOCKS = YES;
				GCC_WARN_64_TO_32_BIT_CONVERSION = YES;
				GCC_WARN_ABOUT_RETURN_TYPE = YES_ERROR;
				GCC_WARN_UNDECLARED_SELECTOR = YES;
				GCC_WARN_UNINITIALIZED_AUTOS = YES_AGGRESSIVE;
				GCC_WARN_UNUSED_FUNCTION = YES;
				GCC_WARN_UNUSED_VARIABLE = YES;
				IPHONEOS_DEPLOYMENT_TARGET = 13.1;
				MTL_ENABLE_DEBUG_INFO = NO;
				MTL_FAST_MATH = YES;
				SDKROOT = iphoneos;
				SWIFT_COMPILATION_MODE = wholemodule;
				SWIFT_OPTIMIZATION_LEVEL = "-O";
				VALIDATE_PRODUCT = YES;
			};
			name = Release;
		};
		661EFAA6241D17C400F9EFD8 /* Debug */ = {
			isa = XCBuildConfiguration;
			buildSettings = {
				ASSETCATALOG_COMPILER_APPICON_NAME = AppIcon;
				CODE_SIGN_STYLE = Automatic;
				INFOPLIST_FILE = SAY/Info.plist;
				LD_RUNPATH_SEARCH_PATHS = (
					"$(inherited)",
					"@executable_path/Frameworks",
				);
				PRODUCT_BUNDLE_IDENTIFIER = anton.SAY;
				PRODUCT_NAME = "$(TARGET_NAME)";
				SWIFT_VERSION = 5.0;
				TARGETED_DEVICE_FAMILY = "1,2";
			};
			name = Debug;
		};
		661EFAA7241D17C400F9EFD8 /* Release */ = {
			isa = XCBuildConfiguration;
			buildSettings = {
				ASSETCATALOG_COMPILER_APPICON_NAME = AppIcon;
				CODE_SIGN_STYLE = Automatic;
				INFOPLIST_FILE = SAY/Info.plist;
				LD_RUNPATH_SEARCH_PATHS = (
					"$(inherited)",
					"@executable_path/Frameworks",
				);
				PRODUCT_BUNDLE_IDENTIFIER = anton.SAY;
				PRODUCT_NAME = "$(TARGET_NAME)";
				SWIFT_VERSION = 5.0;
				TARGETED_DEVICE_FAMILY = "1,2";
			};
			name = Release;
		};
/* End XCBuildConfiguration section */

/* Begin XCConfigurationList section */
		661EFA8C241D17C300F9EFD8 /* Build configuration list for PBXProject "SAY" */ = {
			isa = XCConfigurationList;
			buildConfigurations = (
				661EFAA3241D17C400F9EFD8 /* Debug */,
				661EFAA4241D17C400F9EFD8 /* Release */,
			);
			defaultConfigurationIsVisible = 0;
			defaultConfigurationName = Release;
		};
		661EFAA5241D17C400F9EFD8 /* Build configuration list for PBXNativeTarget "SAY" */ = {
			isa = XCConfigurationList;
			buildConfigurations = (
				661EFAA6241D17C400F9EFD8 /* Debug */,
				661EFAA7241D17C400F9EFD8 /* Release */,
			);
			defaultConfigurationIsVisible = 0;
			defaultConfigurationName = Release;
		};
/* End XCConfigurationList section */
	};
	rootObject = 661EFA89241D17C300F9EFD8 /* Project object */;
}
